// !$*UTF8*$!
{
	archiveVersion = 1;
	classes = {
	};
	objectVersion = 55;
	objects = {

/* Begin PBXBuildFile section */
		6B99829E97FF60CCE9AE61DB /* Pods_ChattyTests.framework in Frameworks */ = {isa = PBXBuildFile; fileRef = E15A4CF38278D02F24AB592E /* Pods_ChattyTests.framework */; };
		84CF92D9286A146E00EBD615 /* AppDelegate.m in Sources */ = {isa = PBXBuildFile; fileRef = 84CF92D8286A146E00EBD615 /* AppDelegate.m */; };
		84CF92DC286A146E00EBD615 /* SceneDelegate.m in Sources */ = {isa = PBXBuildFile; fileRef = 84CF92DB286A146E00EBD615 /* SceneDelegate.m */; };
		84CF92E2286A146E00EBD615 /* Main.storyboard in Resources */ = {isa = PBXBuildFile; fileRef = 84CF92E0286A146E00EBD615 /* Main.storyboard */; };
		84CF92E4286A146F00EBD615 /* Assets.xcassets in Resources */ = {isa = PBXBuildFile; fileRef = 84CF92E3286A146F00EBD615 /* Assets.xcassets */; };
		84CF92E7286A146F00EBD615 /* LaunchScreen.storyboard in Resources */ = {isa = PBXBuildFile; fileRef = 84CF92E5286A146F00EBD615 /* LaunchScreen.storyboard */; };
		84CF92EA286A146F00EBD615 /* main.m in Sources */ = {isa = PBXBuildFile; fileRef = 84CF92E9286A146F00EBD615 /* main.m */; };
		84CF92F4286A146F00EBD615 /* ChattyTests.m in Sources */ = {isa = PBXBuildFile; fileRef = 84CF92F3286A146F00EBD615 /* ChattyTests.m */; };
		84CF92FE286A146F00EBD615 /* ChattyUITests.m in Sources */ = {isa = PBXBuildFile; fileRef = 84CF92FD286A146F00EBD615 /* ChattyUITests.m */; };
		84CF9300286A146F00EBD615 /* ChattyUITestsLaunchTests.m in Sources */ = {isa = PBXBuildFile; fileRef = 84CF92FF286A146F00EBD615 /* ChattyUITestsLaunchTests.m */; };
		84CF930E286A169900EBD615 /* LoginViewController.m in Sources */ = {isa = PBXBuildFile; fileRef = 84CF930D286A169900EBD615 /* LoginViewController.m */; };
		84CF9311286A1CF800EBD615 /* ChatViewController.m in Sources */ = {isa = PBXBuildFile; fileRef = 84CF9310286A1CF800EBD615 /* ChatViewController.m */; };
		84CF9314286A214900EBD615 /* ChatViewCell.m in Sources */ = {isa = PBXBuildFile; fileRef = 84CF9313286A214900EBD615 /* ChatViewCell.m */; };
		AFB211B64AD9FFFBB4757870 /* Pods_Chatty.framework in Frameworks */ = {isa = PBXBuildFile; fileRef = 701C85FDDD360A891962BF51 /* Pods_Chatty.framework */; };
		F4C37D08717231D738B96B4D /* Pods_Chatty_ChattyUITests.framework in Frameworks */ = {isa = PBXBuildFile; fileRef = 46F72762D2834DA6ADE7300C /* Pods_Chatty_ChattyUITests.framework */; };
/* End PBXBuildFile section */

/* Begin PBXContainerItemProxy section */
		84CF92F0286A146F00EBD615 /* PBXContainerItemProxy */ = {
			isa = PBXContainerItemProxy;
			containerPortal = 84CF92CC286A146E00EBD615 /* Project object */;
			proxyType = 1;
			remoteGlobalIDString = 84CF92D3286A146E00EBD615;
			remoteInfo = Chatty;
		};
		84CF92FA286A146F00EBD615 /* PBXContainerItemProxy */ = {
			isa = PBXContainerItemProxy;
			containerPortal = 84CF92CC286A146E00EBD615 /* Project object */;
			proxyType = 1;
			remoteGlobalIDString = 84CF92D3286A146E00EBD615;
			remoteInfo = Chatty;
		};
/* End PBXContainerItemProxy section */

/* Begin PBXFileReference section */
		1679A3DBE42309E30541CB6A /* Pods-ChattyTests.release.xcconfig */ = {isa = PBXFileReference; includeInIndex = 1; lastKnownFileType = text.xcconfig; name = "Pods-ChattyTests.release.xcconfig"; path = "Target Support Files/Pods-ChattyTests/Pods-ChattyTests.release.xcconfig"; sourceTree = "<group>"; };
		3E4DE5C2131D58A357B3D366 /* Pods-Chatty-ChattyUITests.debug.xcconfig */ = {isa = PBXFileReference; includeInIndex = 1; lastKnownFileType = text.xcconfig; name = "Pods-Chatty-ChattyUITests.debug.xcconfig"; path = "Target Support Files/Pods-Chatty-ChattyUITests/Pods-Chatty-ChattyUITests.debug.xcconfig"; sourceTree = "<group>"; };
		46F72762D2834DA6ADE7300C /* Pods_Chatty_ChattyUITests.framework */ = {isa = PBXFileReference; explicitFileType = wrapper.framework; includeInIndex = 0; path = Pods_Chatty_ChattyUITests.framework; sourceTree = BUILT_PRODUCTS_DIR; };
		701C85FDDD360A891962BF51 /* Pods_Chatty.framework */ = {isa = PBXFileReference; explicitFileType = wrapper.framework; includeInIndex = 0; path = Pods_Chatty.framework; sourceTree = BUILT_PRODUCTS_DIR; };
		84CF92D4286A146E00EBD615 /* Chatty.app */ = {isa = PBXFileReference; explicitFileType = wrapper.application; includeInIndex = 0; path = Chatty.app; sourceTree = BUILT_PRODUCTS_DIR; };
		84CF92D7286A146E00EBD615 /* AppDelegate.h */ = {isa = PBXFileReference; lastKnownFileType = sourcecode.c.h; path = AppDelegate.h; sourceTree = "<group>"; };
		84CF92D8286A146E00EBD615 /* AppDelegate.m */ = {isa = PBXFileReference; lastKnownFileType = sourcecode.c.objc; path = AppDelegate.m; sourceTree = "<group>"; };
		84CF92DA286A146E00EBD615 /* SceneDelegate.h */ = {isa = PBXFileReference; lastKnownFileType = sourcecode.c.h; path = SceneDelegate.h; sourceTree = "<group>"; };
		84CF92DB286A146E00EBD615 /* SceneDelegate.m */ = {isa = PBXFileReference; lastKnownFileType = sourcecode.c.objc; path = SceneDelegate.m; sourceTree = "<group>"; };
		84CF92E1286A146E00EBD615 /* Base */ = {isa = PBXFileReference; lastKnownFileType = file.storyboard; name = Base; path = Base.lproj/Main.storyboard; sourceTree = "<group>"; };
		84CF92E3286A146F00EBD615 /* Assets.xcassets */ = {isa = PBXFileReference; lastKnownFileType = folder.assetcatalog; path = Assets.xcassets; sourceTree = "<group>"; };
		84CF92E6286A146F00EBD615 /* Base */ = {isa = PBXFileReference; lastKnownFileType = file.storyboard; name = Base; path = Base.lproj/LaunchScreen.storyboard; sourceTree = "<group>"; };
		84CF92E8286A146F00EBD615 /* Info.plist */ = {isa = PBXFileReference; lastKnownFileType = text.plist.xml; path = Info.plist; sourceTree = "<group>"; };
		84CF92E9286A146F00EBD615 /* main.m */ = {isa = PBXFileReference; lastKnownFileType = sourcecode.c.objc; path = main.m; sourceTree = "<group>"; };
		84CF92EF286A146F00EBD615 /* ChattyTests.xctest */ = {isa = PBXFileReference; explicitFileType = wrapper.cfbundle; includeInIndex = 0; path = ChattyTests.xctest; sourceTree = BUILT_PRODUCTS_DIR; };
		84CF92F3286A146F00EBD615 /* ChattyTests.m */ = {isa = PBXFileReference; lastKnownFileType = sourcecode.c.objc; path = ChattyTests.m; sourceTree = "<group>"; };
		84CF92F9286A146F00EBD615 /* ChattyUITests.xctest */ = {isa = PBXFileReference; explicitFileType = wrapper.cfbundle; includeInIndex = 0; path = ChattyUITests.xctest; sourceTree = BUILT_PRODUCTS_DIR; };
		84CF92FD286A146F00EBD615 /* ChattyUITests.m */ = {isa = PBXFileReference; lastKnownFileType = sourcecode.c.objc; path = ChattyUITests.m; sourceTree = "<group>"; };
		84CF92FF286A146F00EBD615 /* ChattyUITestsLaunchTests.m */ = {isa = PBXFileReference; lastKnownFileType = sourcecode.c.objc; path = ChattyUITestsLaunchTests.m; sourceTree = "<group>"; };
		84CF930C286A169900EBD615 /* LoginViewController.h */ = {isa = PBXFileReference; lastKnownFileType = sourcecode.c.h; path = LoginViewController.h; sourceTree = "<group>"; };
		84CF930D286A169900EBD615 /* LoginViewController.m */ = {isa = PBXFileReference; lastKnownFileType = sourcecode.c.objc; path = LoginViewController.m; sourceTree = "<group>"; };
		84CF930F286A1CF800EBD615 /* ChatViewController.h */ = {isa = PBXFileReference; lastKnownFileType = sourcecode.c.h; path = ChatViewController.h; sourceTree = "<group>"; };
		84CF9310286A1CF800EBD615 /* ChatViewController.m */ = {isa = PBXFileReference; lastKnownFileType = sourcecode.c.objc; path = ChatViewController.m; sourceTree = "<group>"; };
		84CF9312286A214900EBD615 /* ChatViewCell.h */ = {isa = PBXFileReference; lastKnownFileType = sourcecode.c.h; path = ChatViewCell.h; sourceTree = "<group>"; };
		84CF9313286A214900EBD615 /* ChatViewCell.m */ = {isa = PBXFileReference; lastKnownFileType = sourcecode.c.objc; path = ChatViewCell.m; sourceTree = "<group>"; };
		A89953C92190B91668A40E88 /* Pods-ChattyTests.debug.xcconfig */ = {isa = PBXFileReference; includeInIndex = 1; lastKnownFileType = text.xcconfig; name = "Pods-ChattyTests.debug.xcconfig"; path = "Target Support Files/Pods-ChattyTests/Pods-ChattyTests.debug.xcconfig"; sourceTree = "<group>"; };
		B1D03B696B40D55FD9061F60 /* Pods-Chatty.release.xcconfig */ = {isa = PBXFileReference; includeInIndex = 1; lastKnownFileType = text.xcconfig; name = "Pods-Chatty.release.xcconfig"; path = "Target Support Files/Pods-Chatty/Pods-Chatty.release.xcconfig"; sourceTree = "<group>"; };
		D9016774F1D043D481588908 /* Pods-Chatty-ChattyUITests.release.xcconfig */ = {isa = PBXFileReference; includeInIndex = 1; lastKnownFileType = text.xcconfig; name = "Pods-Chatty-ChattyUITests.release.xcconfig"; path = "Target Support Files/Pods-Chatty-ChattyUITests/Pods-Chatty-ChattyUITests.release.xcconfig"; sourceTree = "<group>"; };
		E15A4CF38278D02F24AB592E /* Pods_ChattyTests.framework */ = {isa = PBXFileReference; explicitFileType = wrapper.framework; includeInIndex = 0; path = Pods_ChattyTests.framework; sourceTree = BUILT_PRODUCTS_DIR; };
		EDA0F1BB2B8FDF819D135AE9 /* Pods-Chatty.debug.xcconfig */ = {isa = PBXFileReference; includeInIndex = 1; lastKnownFileType = text.xcconfig; name = "Pods-Chatty.debug.xcconfig"; path = "Target Support Files/Pods-Chatty/Pods-Chatty.debug.xcconfig"; sourceTree = "<group>"; };
/* End PBXFileReference section */

/* Begin PBXFrameworksBuildPhase section */
		84CF92D1286A146E00EBD615 /* Frameworks */ = {
			isa = PBXFrameworksBuildPhase;
			buildActionMask = 2147483647;
			files = (
				AFB211B64AD9FFFBB4757870 /* Pods_Chatty.framework in Frameworks */,
			);
			runOnlyForDeploymentPostprocessing = 0;
		};
		84CF92EC286A146F00EBD615 /* Frameworks */ = {
			isa = PBXFrameworksBuildPhase;
			buildActionMask = 2147483647;
			files = (
				6B99829E97FF60CCE9AE61DB /* Pods_ChattyTests.framework in Frameworks */,
			);
			runOnlyForDeploymentPostprocessing = 0;
		};
		84CF92F6286A146F00EBD615 /* Frameworks */ = {
			isa = PBXFrameworksBuildPhase;
			buildActionMask = 2147483647;
			files = (
				F4C37D08717231D738B96B4D /* Pods_Chatty_ChattyUITests.framework in Frameworks */,
			);
			runOnlyForDeploymentPostprocessing = 0;
		};
/* End PBXFrameworksBuildPhase section */

/* Begin PBXGroup section */
		241DD8E4E6792E88CB5B8C3E /* Pods */ = {
			isa = PBXGroup;
			children = (
				EDA0F1BB2B8FDF819D135AE9 /* Pods-Chatty.debug.xcconfig */,
				B1D03B696B40D55FD9061F60 /* Pods-Chatty.release.xcconfig */,
				3E4DE5C2131D58A357B3D366 /* Pods-Chatty-ChattyUITests.debug.xcconfig */,
				D9016774F1D043D481588908 /* Pods-Chatty-ChattyUITests.release.xcconfig */,
				A89953C92190B91668A40E88 /* Pods-ChattyTests.debug.xcconfig */,
				1679A3DBE42309E30541CB6A /* Pods-ChattyTests.release.xcconfig */,
			);
			path = Pods;
			sourceTree = "<group>";
		};
		84CF92CB286A146E00EBD615 = {
			isa = PBXGroup;
			children = (
				84CF92D6286A146E00EBD615 /* Chatty */,
				84CF92F2286A146F00EBD615 /* ChattyTests */,
				84CF92FC286A146F00EBD615 /* ChattyUITests */,
				84CF92D5286A146E00EBD615 /* Products */,
				241DD8E4E6792E88CB5B8C3E /* Pods */,
				883ABE44B063E973A52875B8 /* Frameworks */,
			);
			sourceTree = "<group>";
		};
		84CF92D5286A146E00EBD615 /* Products */ = {
			isa = PBXGroup;
			children = (
				84CF92D4286A146E00EBD615 /* Chatty.app */,
				84CF92EF286A146F00EBD615 /* ChattyTests.xctest */,
				84CF92F9286A146F00EBD615 /* ChattyUITests.xctest */,
			);
			name = Products;
			sourceTree = "<group>";
		};
		84CF92D6286A146E00EBD615 /* Chatty */ = {
			isa = PBXGroup;
			children = (
				84CF9312286A214900EBD615 /* ChatViewCell.h */,
				84CF9313286A214900EBD615 /* ChatViewCell.m */,
				84CF92D7286A146E00EBD615 /* AppDelegate.h */,
				84CF92D8286A146E00EBD615 /* AppDelegate.m */,
				84CF92DA286A146E00EBD615 /* SceneDelegate.h */,
				84CF92DB286A146E00EBD615 /* SceneDelegate.m */,
				84CF92E0286A146E00EBD615 /* Main.storyboard */,
				84CF930F286A1CF800EBD615 /* ChatViewController.h */,
				84CF9310286A1CF800EBD615 /* ChatViewController.m */,
				84CF930C286A169900EBD615 /* LoginViewController.h */,
				84CF930D286A169900EBD615 /* LoginViewController.m */,
				84CF92E3286A146F00EBD615 /* Assets.xcassets */,
				84CF92E5286A146F00EBD615 /* LaunchScreen.storyboard */,
				84CF92E8286A146F00EBD615 /* Info.plist */,
				84CF92E9286A146F00EBD615 /* main.m */,
			);
			path = Chatty;
			sourceTree = "<group>";
		};
		84CF92F2286A146F00EBD615 /* ChattyTests */ = {
			isa = PBXGroup;
			children = (
				84CF92F3286A146F00EBD615 /* ChattyTests.m */,
			);
			path = ChattyTests;
			sourceTree = "<group>";
		};
		84CF92FC286A146F00EBD615 /* ChattyUITests */ = {
			isa = PBXGroup;
			children = (
				84CF92FD286A146F00EBD615 /* ChattyUITests.m */,
				84CF92FF286A146F00EBD615 /* ChattyUITestsLaunchTests.m */,
			);
			path = ChattyUITests;
			sourceTree = "<group>";
		};
		883ABE44B063E973A52875B8 /* Frameworks */ = {
			isa = PBXGroup;
			children = (
				701C85FDDD360A891962BF51 /* Pods_Chatty.framework */,
				46F72762D2834DA6ADE7300C /* Pods_Chatty_ChattyUITests.framework */,
				E15A4CF38278D02F24AB592E /* Pods_ChattyTests.framework */,
			);
			name = Frameworks;
			sourceTree = "<group>";
		};
/* End PBXGroup section */

/* Begin PBXNativeTarget section */
		84CF92D3286A146E00EBD615 /* Chatty */ = {
			isa = PBXNativeTarget;
			buildConfigurationList = 84CF9303286A146F00EBD615 /* Build configuration list for PBXNativeTarget "Chatty" */;
			buildPhases = (
				788C2BA5ED71A1E7BB526CB5 /* [CP] Check Pods Manifest.lock */,
				84CF92D0286A146E00EBD615 /* Sources */,
				84CF92D1286A146E00EBD615 /* Frameworks */,
				84CF92D2286A146E00EBD615 /* Resources */,
				4F7CF089B4EF9E4925F9570D /* [CP] Embed Pods Frameworks */,
			);
			buildRules = (
			);
			dependencies = (
			);
			name = Chatty;
			productName = Chatty;
			productReference = 84CF92D4286A146E00EBD615 /* Chatty.app */;
			productType = "com.apple.product-type.application";
		};
		84CF92EE286A146F00EBD615 /* ChattyTests */ = {
			isa = PBXNativeTarget;
			buildConfigurationList = 84CF9306286A146F00EBD615 /* Build configuration list for PBXNativeTarget "ChattyTests" */;
			buildPhases = (
				0F90F49C896803E93D502562 /* [CP] Check Pods Manifest.lock */,
				84CF92EB286A146F00EBD615 /* Sources */,
				84CF92EC286A146F00EBD615 /* Frameworks */,
				84CF92ED286A146F00EBD615 /* Resources */,
			);
			buildRules = (
			);
			dependencies = (
				84CF92F1286A146F00EBD615 /* PBXTargetDependency */,
			);
			name = ChattyTests;
			productName = ChattyTests;
			productReference = 84CF92EF286A146F00EBD615 /* ChattyTests.xctest */;
			productType = "com.apple.product-type.bundle.unit-test";
		};
		84CF92F8286A146F00EBD615 /* ChattyUITests */ = {
			isa = PBXNativeTarget;
			buildConfigurationList = 84CF9309286A146F00EBD615 /* Build configuration list for PBXNativeTarget "ChattyUITests" */;
			buildPhases = (
				D6CDB5137E01A8C28959148E /* [CP] Check Pods Manifest.lock */,
				84CF92F5286A146F00EBD615 /* Sources */,
				84CF92F6286A146F00EBD615 /* Frameworks */,
				84CF92F7286A146F00EBD615 /* Resources */,
				1C7AF4A671FAE1F2640CBE45 /* [CP] Embed Pods Frameworks */,
			);
			buildRules = (
			);
			dependencies = (
				84CF92FB286A146F00EBD615 /* PBXTargetDependency */,
			);
			name = ChattyUITests;
			productName = ChattyUITests;
			productReference = 84CF92F9286A146F00EBD615 /* ChattyUITests.xctest */;
			productType = "com.apple.product-type.bundle.ui-testing";
		};
/* End PBXNativeTarget section */

/* Begin PBXProject section */
		84CF92CC286A146E00EBD615 /* Project object */ = {
			isa = PBXProject;
			attributes = {
				BuildIndependentTargetsInParallel = 1;
				LastUpgradeCheck = 1340;
				TargetAttributes = {
					84CF92D3286A146E00EBD615 = {
						CreatedOnToolsVersion = 13.4;
					};
					84CF92EE286A146F00EBD615 = {
						CreatedOnToolsVersion = 13.4;
						TestTargetID = 84CF92D3286A146E00EBD615;
					};
					84CF92F8286A146F00EBD615 = {
						CreatedOnToolsVersion = 13.4;
						TestTargetID = 84CF92D3286A146E00EBD615;
					};
				};
			};
			buildConfigurationList = 84CF92CF286A146E00EBD615 /* Build configuration list for PBXProject "Chatty" */;
			compatibilityVersion = "Xcode 13.0";
			developmentRegion = en;
			hasScannedForEncodings = 0;
			knownRegions = (
				en,
				Base,
			);
			mainGroup = 84CF92CB286A146E00EBD615;
			productRefGroup = 84CF92D5286A146E00EBD615 /* Products */;
			projectDirPath = "";
			projectRoot = "";
			targets = (
				84CF92D3286A146E00EBD615 /* Chatty */,
				84CF92EE286A146F00EBD615 /* ChattyTests */,
				84CF92F8286A146F00EBD615 /* ChattyUITests */,
			);
		};
/* End PBXProject section */

/* Begin PBXResourcesBuildPhase section */
		84CF92D2286A146E00EBD615 /* Resources */ = {
			isa = PBXResourcesBuildPhase;
			buildActionMask = 2147483647;
			files = (
				84CF92E7286A146F00EBD615 /* LaunchScreen.storyboard in Resources */,
				84CF92E4286A146F00EBD615 /* Assets.xcassets in Resources */,
				84CF92E2286A146E00EBD615 /* Main.storyboard in Resources */,
			);
			runOnlyForDeploymentPostprocessing = 0;
		};
		84CF92ED286A146F00EBD615 /* Resources */ = {
			isa = PBXResourcesBuildPhase;
			buildActionMask = 2147483647;
			files = (
			);
			runOnlyForDeploymentPostprocessing = 0;
		};
		84CF92F7286A146F00EBD615 /* Resources */ = {
			isa = PBXResourcesBuildPhase;
			buildActionMask = 2147483647;
			files = (
			);
			runOnlyForDeploymentPostprocessing = 0;
		};
/* End PBXResourcesBuildPhase section */

/* Begin PBXShellScriptBuildPhase section */
		0F90F49C896803E93D502562 /* [CP] Check Pods Manifest.lock */ = {
			isa = PBXShellScriptBuildPhase;
			buildActionMask = 2147483647;
			files = (
			);
			inputFileListPaths = (
			);
			inputPaths = (
				"${PODS_PODFILE_DIR_PATH}/Podfile.lock",
				"${PODS_ROOT}/Manifest.lock",
			);
			name = "[CP] Check Pods Manifest.lock";
			outputFileListPaths = (
			);
			outputPaths = (
				"$(DERIVED_FILE_DIR)/Pods-ChattyTests-checkManifestLockResult.txt",
			);
			runOnlyForDeploymentPostprocessing = 0;
			shellPath = /bin/sh;
			shellScript = "diff \"${PODS_PODFILE_DIR_PATH}/Podfile.lock\" \"${PODS_ROOT}/Manifest.lock\" > /dev/null\nif [ $? != 0 ] ; then\n    # print error to STDERR\n    echo \"error: The sandbox is not in sync with the Podfile.lock. Run 'pod install' or update your CocoaPods installation.\" >&2\n    exit 1\nfi\n# This output is used by Xcode 'outputs' to avoid re-running this script phase.\necho \"SUCCESS\" > \"${SCRIPT_OUTPUT_FILE_0}\"\n";
			showEnvVarsInLog = 0;
		};
		1C7AF4A671FAE1F2640CBE45 /* [CP] Embed Pods Frameworks */ = {
			isa = PBXShellScriptBuildPhase;
			buildActionMask = 2147483647;
			files = (
			);
			inputFileListPaths = (
				"${PODS_ROOT}/Target Support Files/Pods-Chatty-ChattyUITests/Pods-Chatty-ChattyUITests-frameworks-${CONFIGURATION}-input-files.xcfilelist",
			);
			name = "[CP] Embed Pods Frameworks";
			outputFileListPaths = (
				"${PODS_ROOT}/Target Support Files/Pods-Chatty-ChattyUITests/Pods-Chatty-ChattyUITests-frameworks-${CONFIGURATION}-output-files.xcfilelist",
			);
			runOnlyForDeploymentPostprocessing = 0;
			shellPath = /bin/sh;
			shellScript = "\"${PODS_ROOT}/Target Support Files/Pods-Chatty-ChattyUITests/Pods-Chatty-ChattyUITests-frameworks.sh\"\n";
			showEnvVarsInLog = 0;
		};
		4F7CF089B4EF9E4925F9570D /* [CP] Embed Pods Frameworks */ = {
			isa = PBXShellScriptBuildPhase;
			buildActionMask = 2147483647;
			files = (
			);
			inputFileListPaths = (
				"${PODS_ROOT}/Target Support Files/Pods-Chatty/Pods-Chatty-frameworks-${CONFIGURATION}-input-files.xcfilelist",
			);
			name = "[CP] Embed Pods Frameworks";
			outputFileListPaths = (
				"${PODS_ROOT}/Target Support Files/Pods-Chatty/Pods-Chatty-frameworks-${CONFIGURATION}-output-files.xcfilelist",
			);
			runOnlyForDeploymentPostprocessing = 0;
			shellPath = /bin/sh;
			shellScript = "\"${PODS_ROOT}/Target Support Files/Pods-Chatty/Pods-Chatty-frameworks.sh\"\n";
			showEnvVarsInLog = 0;
		};
		788C2BA5ED71A1E7BB526CB5 /* [CP] Check Pods Manifest.lock */ = {
			isa = PBXShellScriptBuildPhase;
			buildActionMask = 2147483647;
			files = (
			);
			inputFileListPaths = (
			);
			inputPaths = (
				"${PODS_PODFILE_DIR_PATH}/Podfile.lock",
				"${PODS_ROOT}/Manifest.lock",
			);
			name = "[CP] Check Pods Manifest.lock";
			outputFileListPaths = (
			);
			outputPaths = (
				"$(DERIVED_FILE_DIR)/Pods-Chatty-checkManifestLockResult.txt",
			);
			runOnlyForDeploymentPostprocessing = 0;
			shellPath = /bin/sh;
			shellScript = "diff \"${PODS_PODFILE_DIR_PATH}/Podfile.lock\" \"${PODS_ROOT}/Manifest.lock\" > /dev/null\nif [ $? != 0 ] ; then\n    # print error to STDERR\n    echo \"error: The sandbox is not in sync with the Podfile.lock. Run 'pod install' or update your CocoaPods installation.\" >&2\n    exit 1\nfi\n# This output is used by Xcode 'outputs' to avoid re-running this script phase.\necho \"SUCCESS\" > \"${SCRIPT_OUTPUT_FILE_0}\"\n";
			showEnvVarsInLog = 0;
		};
		D6CDB5137E01A8C28959148E /* [CP] Check Pods Manifest.lock */ = {
			isa = PBXShellScriptBuildPhase;
			buildActionMask = 2147483647;
			files = (
			);
			inputFileListPaths = (
			);
			inputPaths = (
				"${PODS_PODFILE_DIR_PATH}/Podfile.lock",
				"${PODS_ROOT}/Manifest.lock",
			);
			name = "[CP] Check Pods Manifest.lock";
			outputFileListPaths = (
			);
			outputPaths = (
				"$(DERIVED_FILE_DIR)/Pods-Chatty-ChattyUITests-checkManifestLockResult.txt",
			);
			runOnlyForDeploymentPostprocessing = 0;
			shellPath = /bin/sh;
			shellScript = "diff \"${PODS_PODFILE_DIR_PATH}/Podfile.lock\" \"${PODS_ROOT}/Manifest.lock\" > /dev/null\nif [ $? != 0 ] ; then\n    # print error to STDERR\n    echo \"error: The sandbox is not in sync with the Podfile.lock. Run 'pod install' or update your CocoaPods installation.\" >&2\n    exit 1\nfi\n# This output is used by Xcode 'outputs' to avoid re-running this script phase.\necho \"SUCCESS\" > \"${SCRIPT_OUTPUT_FILE_0}\"\n";
			showEnvVarsInLog = 0;
		};
/* End PBXShellScriptBuildPhase section */

/* Begin PBXSourcesBuildPhase section */
		84CF92D0286A146E00EBD615 /* Sources */ = {
			isa = PBXSourcesBuildPhase;
			buildActionMask = 2147483647;
			files = (
				84CF9314286A214900EBD615 /* ChatViewCell.m in Sources */,
				84CF930E286A169900EBD615 /* LoginViewController.m in Sources */,
				84CF92D9286A146E00EBD615 /* AppDelegate.m in Sources */,
				84CF9311286A1CF800EBD615 /* ChatViewController.m in Sources */,
				84CF92EA286A146F00EBD615 /* main.m in Sources */,
				84CF92DC286A146E00EBD615 /* SceneDelegate.m in Sources */,
			);
			runOnlyForDeploymentPostprocessing = 0;
		};
		84CF92EB286A146F00EBD615 /* Sources */ = {
			isa = PBXSourcesBuildPhase;
			buildActionMask = 2147483647;
			files = (
				84CF92F4286A146F00EBD615 /* ChattyTests.m in Sources */,
			);
			runOnlyForDeploymentPostprocessing = 0;
		};
		84CF92F5286A146F00EBD615 /* Sources */ = {
			isa = PBXSourcesBuildPhase;
			buildActionMask = 2147483647;
			files = (
				84CF92FE286A146F00EBD615 /* ChattyUITests.m in Sources */,
				84CF9300286A146F00EBD615 /* ChattyUITestsLaunchTests.m in Sources */,
			);
			runOnlyForDeploymentPostprocessing = 0;
		};
/* End PBXSourcesBuildPhase section */

/* Begin PBXTargetDependency section */
		84CF92F1286A146F00EBD615 /* PBXTargetDependency */ = {
			isa = PBXTargetDependency;
			target = 84CF92D3286A146E00EBD615 /* Chatty */;
			targetProxy = 84CF92F0286A146F00EBD615 /* PBXContainerItemProxy */;
		};
		84CF92FB286A146F00EBD615 /* PBXTargetDependency */ = {
			isa = PBXTargetDependency;
			target = 84CF92D3286A146E00EBD615 /* Chatty */;
			targetProxy = 84CF92FA286A146F00EBD615 /* PBXContainerItemProxy */;
		};
/* End PBXTargetDependency section */

/* Begin PBXVariantGroup section */
		84CF92E0286A146E00EBD615 /* Main.storyboard */ = {
			isa = PBXVariantGroup;
			children = (
				84CF92E1286A146E00EBD615 /* Base */,
			);
			name = Main.storyboard;
			sourceTree = "<group>";
		};
		84CF92E5286A146F00EBD615 /* LaunchScreen.storyboard */ = {
			isa = PBXVariantGroup;
			children = (
				84CF92E6286A146F00EBD615 /* Base */,
			);
			name = LaunchScreen.storyboard;
			sourceTree = "<group>";
		};
/* End PBXVariantGroup section */

/* Begin XCBuildConfiguration section */
		84CF9301286A146F00EBD615 /* Debug */ = {
			isa = XCBuildConfiguration;
			buildSettings = {
				ALWAYS_SEARCH_USER_PATHS = NO;
				CLANG_ANALYZER_NONNULL = YES;
				CLANG_ANALYZER_NUMBER_OBJECT_CONVERSION = YES_AGGRESSIVE;
				CLANG_CXX_LANGUAGE_STANDARD = "gnu++17";
				CLANG_ENABLE_MODULES = YES;
				CLANG_ENABLE_OBJC_ARC = YES;
				CLANG_ENABLE_OBJC_WEAK = YES;
				CLANG_WARN_BLOCK_CAPTURE_AUTORELEASING = YES;
				CLANG_WARN_BOOL_CONVERSION = YES;
				CLANG_WARN_COMMA = YES;
				CLANG_WARN_CONSTANT_CONVERSION = YES;
				CLANG_WARN_DEPRECATED_OBJC_IMPLEMENTATIONS = YES;
				CLANG_WARN_DIRECT_OBJC_ISA_USAGE = YES_ERROR;
				CLANG_WARN_DOCUMENTATION_COMMENTS = YES;
				CLANG_WARN_EMPTY_BODY = YES;
				CLANG_WARN_ENUM_CONVERSION = YES;
				CLANG_WARN_INFINITE_RECURSION = YES;
				CLANG_WARN_INT_CONVERSION = YES;
				CLANG_WARN_NON_LITERAL_NULL_CONVERSION = YES;
				CLANG_WARN_OBJC_IMPLICIT_RETAIN_SELF = YES;
				CLANG_WARN_OBJC_LITERAL_CONVERSION = YES;
				CLANG_WARN_OBJC_ROOT_CLASS = YES_ERROR;
				CLANG_WARN_QUOTED_INCLUDE_IN_FRAMEWORK_HEADER = YES;
				CLANG_WARN_RANGE_LOOP_ANALYSIS = YES;
				CLANG_WARN_STRICT_PROTOTYPES = YES;
				CLANG_WARN_SUSPICIOUS_MOVE = YES;
				CLANG_WARN_UNGUARDED_AVAILABILITY = YES_AGGRESSIVE;
				CLANG_WARN_UNREACHABLE_CODE = YES;
				CLANG_WARN__DUPLICATE_METHOD_MATCH = YES;
				COPY_PHASE_STRIP = NO;
				DEBUG_INFORMATION_FORMAT = dwarf;
				ENABLE_STRICT_OBJC_MSGSEND = YES;
				ENABLE_TESTABILITY = YES;
				GCC_C_LANGUAGE_STANDARD = gnu11;
				GCC_DYNAMIC_NO_PIC = NO;
				GCC_NO_COMMON_BLOCKS = YES;
				GCC_OPTIMIZATION_LEVEL = 0;
				GCC_PREPROCESSOR_DEFINITIONS = (
					"DEBUG=1",
					"$(inherited)",
				);
				GCC_WARN_64_TO_32_BIT_CONVERSION = YES;
				GCC_WARN_ABOUT_RETURN_TYPE = YES_ERROR;
				GCC_WARN_UNDECLARED_SELECTOR = YES;
				GCC_WARN_UNINITIALIZED_AUTOS = YES_AGGRESSIVE;
				GCC_WARN_UNUSED_FUNCTION = YES;
				GCC_WARN_UNUSED_VARIABLE = YES;
				IPHONEOS_DEPLOYMENT_TARGET = 15.5;
				MTL_ENABLE_DEBUG_INFO = INCLUDE_SOURCE;
				MTL_FAST_MATH = YES;
				ONLY_ACTIVE_ARCH = YES;
				SDKROOT = iphoneos;
			};
			name = Debug;
		};
		84CF9302286A146F00EBD615 /* Release */ = {
			isa = XCBuildConfiguration;
			buildSettings = {
				ALWAYS_SEARCH_USER_PATHS = NO;
				CLANG_ANALYZER_NONNULL = YES;
				CLANG_ANALYZER_NUMBER_OBJECT_CONVERSION = YES_AGGRESSIVE;
				CLANG_CXX_LANGUAGE_STANDARD = "gnu++17";
				CLANG_ENABLE_MODULES = YES;
				CLANG_ENABLE_OBJC_ARC = YES;
				CLANG_ENABLE_OBJC_WEAK = YES;
				CLANG_WARN_BLOCK_CAPTURE_AUTORELEASING = YES;
				CLANG_WARN_BOOL_CONVERSION = YES;
				CLANG_WARN_COMMA = YES;
				CLANG_WARN_CONSTANT_CONVERSION = YES;
				CLANG_WARN_DEPRECATED_OBJC_IMPLEMENTATIONS = YES;
				CLANG_WARN_DIRECT_OBJC_ISA_USAGE = YES_ERROR;
				CLANG_WARN_DOCUMENTATION_COMMENTS = YES;
				CLANG_WARN_EMPTY_BODY = YES;
				CLANG_WARN_ENUM_CONVERSION = YES;
				CLANG_WARN_INFINITE_RECURSION = YES;
				CLANG_WARN_INT_CONVERSION = YES;
				CLANG_WARN_NON_LITERAL_NULL_CONVERSION = YES;
				CLANG_WARN_OBJC_IMPLICIT_RETAIN_SELF = YES;
				CLANG_WARN_OBJC_LITERAL_CONVERSION = YES;
				CLANG_WARN_OBJC_ROOT_CLASS = YES_ERROR;
				CLANG_WARN_QUOTED_INCLUDE_IN_FRAMEWORK_HEADER = YES;
				CLANG_WARN_RANGE_LOOP_ANALYSIS = YES;
				CLANG_WARN_STRICT_PROTOTYPES = YES;
				CLANG_WARN_SUSPICIOUS_MOVE = YES;
				CLANG_WARN_UNGUARDED_AVAILABILITY = YES_AGGRESSIVE;
				CLANG_WARN_UNREACHABLE_CODE = YES;
				CLANG_WARN__DUPLICATE_METHOD_MATCH = YES;
				COPY_PHASE_STRIP = NO;
				DEBUG_INFORMATION_FORMAT = "dwarf-with-dsym";
				ENABLE_NS_ASSERTIONS = NO;
				ENABLE_STRICT_OBJC_MSGSEND = YES;
				GCC_C_LANGUAGE_STANDARD = gnu11;
				GCC_NO_COMMON_BLOCKS = YES;
				GCC_WARN_64_TO_32_BIT_CONVERSION = YES;
				GCC_WARN_ABOUT_RETURN_TYPE = YES_ERROR;
				GCC_WARN_UNDECLARED_SELECTOR = YES;
				GCC_WARN_UNINITIALIZED_AUTOS = YES_AGGRESSIVE;
				GCC_WARN_UNUSED_FUNCTION = YES;
				GCC_WARN_UNUSED_VARIABLE = YES;
				IPHONEOS_DEPLOYMENT_TARGET = 15.5;
				MTL_ENABLE_DEBUG_INFO = NO;
				MTL_FAST_MATH = YES;
				SDKROOT = iphoneos;
				VALIDATE_PRODUCT = YES;
			};
			name = Release;
		};
		84CF9304286A146F00EBD615 /* Debug */ = {
			isa = XCBuildConfiguration;
			baseConfigurationReference = EDA0F1BB2B8FDF819D135AE9 /* Pods-Chatty.debug.xcconfig */;
			buildSettings = {
				ASSETCATALOG_COMPILER_APPICON_NAME = AppIcon;
				ASSETCATALOG_COMPILER_GLOBAL_ACCENT_COLOR_NAME = AccentColor;
				CODE_SIGN_STYLE = Automatic;
				CURRENT_PROJECT_VERSION = 1;
				DEVELOPMENT_TEAM = N977YX5NDL;
				GENERATE_INFOPLIST_FILE = YES;
				INFOPLIST_FILE = Chatty/Info.plist;
				INFOPLIST_KEY_UIApplicationSupportsIndirectInputEvents = YES;
				INFOPLIST_KEY_UILaunchStoryboardName = LaunchScreen;
				INFOPLIST_KEY_UIMainStoryboardFile = Main;
				INFOPLIST_KEY_UISupportedInterfaceOrientations_iPad = "UIInterfaceOrientationPortrait UIInterfaceOrientationPortraitUpsideDown UIInterfaceOrientationLandscapeLeft UIInterfaceOrientationLandscapeRight";
				INFOPLIST_KEY_UISupportedInterfaceOrientations_iPhone = "UIInterfaceOrientationPortrait UIInterfaceOrientationLandscapeLeft UIInterfaceOrientationLandscapeRight";
				LD_RUNPATH_SEARCH_PATHS = (
					"$(inherited)",
					"@executable_path/Frameworks",
				);
				MARKETING_VERSION = 1.0;
				PRODUCT_BUNDLE_IDENTIFIER = com.codepath.Chatty;
				PRODUCT_NAME = "$(TARGET_NAME)";
				SWIFT_EMIT_LOC_STRINGS = YES;
				TARGETED_DEVICE_FAMILY = "1,2";
			};
			name = Debug;
		};
		84CF9305286A146F00EBD615 /* Release */ = {
			isa = XCBuildConfiguration;
			baseConfigurationReference = B1D03B696B40D55FD9061F60 /* Pods-Chatty.release.xcconfig */;
			buildSettings = {
				ASSETCATALOG_COMPILER_APPICON_NAME = AppIcon;
				ASSETCATALOG_COMPILER_GLOBAL_ACCENT_COLOR_NAME = AccentColor;
				CODE_SIGN_STYLE = Automatic;
				CURRENT_PROJECT_VERSION = 1;
				DEVELOPMENT_TEAM = N977YX5NDL;
				GENERATE_INFOPLIST_FILE = YES;
				INFOPLIST_FILE = Chatty/Info.plist;
				INFOPLIST_KEY_UIApplicationSupportsIndirectInputEvents = YES;
				INFOPLIST_KEY_UILaunchStoryboardName = LaunchScreen;
				INFOPLIST_KEY_UIMainStoryboardFile = Main;
				INFOPLIST_KEY_UISupportedInterfaceOrientations_iPad = "UIInterfaceOrientationPortrait UIInterfaceOrientationPortraitUpsideDown UIInterfaceOrientationLandscapeLeft UIInterfaceOrientationLandscapeRight";
				INFOPLIST_KEY_UISupportedInterfaceOrientations_iPhone = "UIInterfaceOrientationPortrait UIInterfaceOrientationLandscapeLeft UIInterfaceOrientationLandscapeRight";
				LD_RUNPATH_SEARCH_PATHS = (
					"$(inherited)",
					"@executable_path/Frameworks",
				);
				MARKETING_VERSION = 1.0;
				PRODUCT_BUNDLE_IDENTIFIER = com.codepath.Chatty;
				PRODUCT_NAME = "$(TARGET_NAME)";
				SWIFT_EMIT_LOC_STRINGS = YES;
				TARGETED_DEVICE_FAMILY = "1,2";
			};
			name = Release;
		};
		84CF9307286A146F00EBD615 /* Debug */ = {
			isa = XCBuildConfiguration;
			baseConfigurationReference = A89953C92190B91668A40E88 /* Pods-ChattyTests.debug.xcconfig */;
			buildSettings = {
				BUNDLE_LOADER = "$(TEST_HOST)";
				CODE_SIGN_STYLE = Automatic;
				CURRENT_PROJECT_VERSION = 1;
				DEVELOPMENT_TEAM = N977YX5NDL;
				GENERATE_INFOPLIST_FILE = YES;
				IPHONEOS_DEPLOYMENT_TARGET = 15.5;
				MARKETING_VERSION = 1.0;
				PRODUCT_BUNDLE_IDENTIFIER = com.codepath.ChattyTests;
				PRODUCT_NAME = "$(TARGET_NAME)";
				SWIFT_EMIT_LOC_STRINGS = NO;
				TARGETED_DEVICE_FAMILY = "1,2";
				TEST_HOST = "$(BUILT_PRODUCTS_DIR)/Chatty.app/Chatty";
			};
			name = Debug;
		};
		84CF9308286A146F00EBD615 /* Release */ = {
			isa = XCBuildConfiguration;
			baseConfigurationReference = 1679A3DBE42309E30541CB6A /* Pods-ChattyTests.release.xcconfig */;
			buildSettings = {
				BUNDLE_LOADER = "$(TEST_HOST)";
				CODE_SIGN_STYLE = Automatic;
				CURRENT_PROJECT_VERSION = 1;
				DEVELOPMENT_TEAM = N977YX5NDL;
				GENERATE_INFOPLIST_FILE = YES;
				IPHONEOS_DEPLOYMENT_TARGET = 15.5;
				MARKETING_VERSION = 1.0;
				PRODUCT_BUNDLE_IDENTIFIER = com.codepath.ChattyTests;
				PRODUCT_NAME = "$(TARGET_NAME)";
				SWIFT_EMIT_LOC_STRINGS = NO;
				TARGETED_DEVICE_FAMILY = "1,2";
				TEST_HOST = "$(BUILT_PRODUCTS_DIR)/Chatty.app/Chatty";
			};
			name = Release;
		};
		84CF930A286A146F00EBD615 /* Debug */ = {
			isa = XCBuildConfiguration;
			baseConfigurationReference = 3E4DE5C2131D58A357B3D366 /* Pods-Chatty-ChattyUITests.debug.xcconfig */;
			buildSettings = {
				CODE_SIGN_STYLE = Automatic;
				CURRENT_PROJECT_VERSION = 1;
				DEVELOPMENT_TEAM = N977YX5NDL;
				GENERATE_INFOPLIST_FILE = YES;
				MARKETING_VERSION = 1.0;
				PRODUCT_BUNDLE_IDENTIFIER = com.codepath.ChattyUITests;
				PRODUCT_NAME = "$(TARGET_NAME)";
				SWIFT_EMIT_LOC_STRINGS = NO;
				TARGETED_DEVICE_FAMILY = "1,2";
				TEST_TARGET_NAME = Chatty;
			};
			name = Debug;
		};
		84CF930B286A146F00EBD615 /* Release */ = {
			isa = XCBuildConfiguration;
			baseConfigurationReference = D9016774F1D043D481588908 /* Pods-Chatty-ChattyUITests.release.xcconfig */;
			buildSettings = {
				CODE_SIGN_STYLE = Automatic;
				CURRENT_PROJECT_VERSION = 1;
				DEVELOPMENT_TEAM = N977YX5NDL;
				GENERATE_INFOPLIST_FILE = YES;
				MARKETING_VERSION = 1.0;
				PRODUCT_BUNDLE_IDENTIFIER = com.codepath.ChattyUITests;
				PRODUCT_NAME = "$(TARGET_NAME)";
				SWIFT_EMIT_LOC_STRINGS = NO;
				TARGETED_DEVICE_FAMILY = "1,2";
				TEST_TARGET_NAME = Chatty;
			};
			name = Release;
		};
/* End XCBuildConfiguration section */

/* Begin XCConfigurationList section */
		84CF92CF286A146E00EBD615 /* Build configuration list for PBXProject "Chatty" */ = {
			isa = XCConfigurationList;
			buildConfigurations = (
				84CF9301286A146F00EBD615 /* Debug */,
				84CF9302286A146F00EBD615 /* Release */,
			);
			defaultConfigurationIsVisible = 0;
			defaultConfigurationName = Release;
		};
		84CF9303286A146F00EBD615 /* Build configuration list for PBXNativeTarget "Chatty" */ = {
			isa = XCConfigurationList;
			buildConfigurations = (
				84CF9304286A146F00EBD615 /* Debug */,
				84CF9305286A146F00EBD615 /* Release */,
			);
			defaultConfigurationIsVisible = 0;
			defaultConfigurationName = Release;
		};
		84CF9306286A146F00EBD615 /* Build configuration list for PBXNativeTarget "ChattyTests" */ = {
			isa = XCConfigurationList;
			buildConfigurations = (
				84CF9307286A146F00EBD615 /* Debug */,
				84CF9308286A146F00EBD615 /* Release */,
			);
			defaultConfigurationIsVisible = 0;
			defaultConfigurationName = Release;
		};
		84CF9309286A146F00EBD615 /* Build configuration list for PBXNativeTarget "ChattyUITests" */ = {
			isa = XCConfigurationList;
			buildConfigurations = (
				84CF930A286A146F00EBD615 /* Debug */,
				84CF930B286A146F00EBD615 /* Release */,
			);
			defaultConfigurationIsVisible = 0;
			defaultConfigurationName = Release;
		};
/* End XCConfigurationList section */
	};
	rootObject = 84CF92CC286A146E00EBD615 /* Project object */;
}
